// !$*UTF8*$!
{
	archiveVersion = 1;
	classes = {
	};
	objectVersion = 46;
	objects = {

/* Begin PBXBuildFile section */
		3A2CE40F1F50A60C0056DCCB /* AppDelegate.swift in Sources */ = {isa = PBXBuildFile; fileRef = 3A2CE40E1F50A60C0056DCCB /* AppDelegate.swift */; };
		3A2CE4111F50A60C0056DCCB /* ViewController.swift in Sources */ = {isa = PBXBuildFile; fileRef = 3A2CE4101F50A60C0056DCCB /* ViewController.swift */; };
		3A2CE4141F50A60C0056DCCB /* Main.storyboard in Resources */ = {isa = PBXBuildFile; fileRef = 3A2CE4121F50A60C0056DCCB /* Main.storyboard */; };
		3A2CE4161F50A60C0056DCCB /* Assets.xcassets in Resources */ = {isa = PBXBuildFile; fileRef = 3A2CE4151F50A60C0056DCCB /* Assets.xcassets */; };
		3A2CE4191F50A60C0056DCCB /* LaunchScreen.storyboard in Resources */ = {isa = PBXBuildFile; fileRef = 3A2CE4171F50A60C0056DCCB /* LaunchScreen.storyboard */; };
		3A2CE4241F50A60C0056DCCB /* TipperTests.swift in Sources */ = {isa = PBXBuildFile; fileRef = 3A2CE4231F50A60C0056DCCB /* TipperTests.swift */; };
		3A2CE42F1F50A60C0056DCCB /* TipperUITests.swift in Sources */ = {isa = PBXBuildFile; fileRef = 3A2CE42E1F50A60C0056DCCB /* TipperUITests.swift */; };
		3A2CE43D1F50C9730056DCCB /* SettingsViewController.swift in Sources */ = {isa = PBXBuildFile; fileRef = 3A2CE43C1F50C9730056DCCB /* SettingsViewController.swift */; };
		3A2CE43F1F5101EC0056DCCB /* UIViewUtils.swift in Sources */ = {isa = PBXBuildFile; fileRef = 3A2CE43E1F5101EC0056DCCB /* UIViewUtils.swift */; };
/* End PBXBuildFile section */

/* Begin PBXContainerItemProxy section */
		3A2CE4201F50A60C0056DCCB /* PBXContainerItemProxy */ = {
			isa = PBXContainerItemProxy;
			containerPortal = 3A2CE4031F50A60B0056DCCB /* Project object */;
			proxyType = 1;
			remoteGlobalIDString = 3A2CE40A1F50A60B0056DCCB;
			remoteInfo = Tipper;
		};
		3A2CE42B1F50A60C0056DCCB /* PBXContainerItemProxy */ = {
			isa = PBXContainerItemProxy;
			containerPortal = 3A2CE4031F50A60B0056DCCB /* Project object */;
			proxyType = 1;
			remoteGlobalIDString = 3A2CE40A1F50A60B0056DCCB;
			remoteInfo = Tipper;
		};
/* End PBXContainerItemProxy section */

/* Begin PBXFileReference section */
		3A2CE40B1F50A60C0056DCCB /* Tipper.app */ = {isa = PBXFileReference; explicitFileType = wrapper.application; includeInIndex = 0; path = Tipper.app; sourceTree = BUILT_PRODUCTS_DIR; };
		3A2CE40E1F50A60C0056DCCB /* AppDelegate.swift */ = {isa = PBXFileReference; lastKnownFileType = sourcecode.swift; path = AppDelegate.swift; sourceTree = "<group>"; };
		3A2CE4101F50A60C0056DCCB /* ViewController.swift */ = {isa = PBXFileReference; lastKnownFileType = sourcecode.swift; path = ViewController.swift; sourceTree = "<group>"; };
		3A2CE4131F50A60C0056DCCB /* Base */ = {isa = PBXFileReference; lastKnownFileType = file.storyboard; name = Base; path = Base.lproj/Main.storyboard; sourceTree = "<group>"; };
		3A2CE4151F50A60C0056DCCB /* Assets.xcassets */ = {isa = PBXFileReference; lastKnownFileType = folder.assetcatalog; path = Assets.xcassets; sourceTree = "<group>"; };
		3A2CE4181F50A60C0056DCCB /* Base */ = {isa = PBXFileReference; lastKnownFileType = file.storyboard; name = Base; path = Base.lproj/LaunchScreen.storyboard; sourceTree = "<group>"; };
		3A2CE41A1F50A60C0056DCCB /* Info.plist */ = {isa = PBXFileReference; lastKnownFileType = text.plist.xml; path = Info.plist; sourceTree = "<group>"; };
		3A2CE41F1F50A60C0056DCCB /* TipperTests.xctest */ = {isa = PBXFileReference; explicitFileType = wrapper.cfbundle; includeInIndex = 0; path = TipperTests.xctest; sourceTree = BUILT_PRODUCTS_DIR; };
		3A2CE4231F50A60C0056DCCB /* TipperTests.swift */ = {isa = PBXFileReference; lastKnownFileType = sourcecode.swift; path = TipperTests.swift; sourceTree = "<group>"; };
		3A2CE4251F50A60C0056DCCB /* Info.plist */ = {isa = PBXFileReference; lastKnownFileType = text.plist.xml; path = Info.plist; sourceTree = "<group>"; };
		3A2CE42A1F50A60C0056DCCB /* TipperUITests.xctest */ = {isa = PBXFileReference; explicitFileType = wrapper.cfbundle; includeInIndex = 0; path = TipperUITests.xctest; sourceTree = BUILT_PRODUCTS_DIR; };
		3A2CE42E1F50A60C0056DCCB /* TipperUITests.swift */ = {isa = PBXFileReference; lastKnownFileType = sourcecode.swift; path = TipperUITests.swift; sourceTree = "<group>"; };
		3A2CE4301F50A60D0056DCCB /* Info.plist */ = {isa = PBXFileReference; lastKnownFileType = text.plist.xml; path = Info.plist; sourceTree = "<group>"; };
		3A2CE43C1F50C9730056DCCB /* SettingsViewController.swift */ = {isa = PBXFileReference; fileEncoding = 4; lastKnownFileType = sourcecode.swift; path = SettingsViewController.swift; sourceTree = "<group>"; };
		3A2CE43E1F5101EC0056DCCB /* UIViewUtils.swift */ = {isa = PBXFileReference; fileEncoding = 4; lastKnownFileType = sourcecode.swift; path = UIViewUtils.swift; sourceTree = "<group>"; };
/* End PBXFileReference section */

/* Begin PBXFrameworksBuildPhase section */
		3A2CE4081F50A60B0056DCCB /* Frameworks */ = {
			isa = PBXFrameworksBuildPhase;
			buildActionMask = 2147483647;
			files = (
			);
			runOnlyForDeploymentPostprocessing = 0;
		};
		3A2CE41C1F50A60C0056DCCB /* Frameworks */ = {
			isa = PBXFrameworksBuildPhase;
			buildActionMask = 2147483647;
			files = (
			);
			runOnlyForDeploymentPostprocessing = 0;
		};
		3A2CE4271F50A60C0056DCCB /* Frameworks */ = {
			isa = PBXFrameworksBuildPhase;
			buildActionMask = 2147483647;
			files = (
			);
			runOnlyForDeploymentPostprocessing = 0;
		};
/* End PBXFrameworksBuildPhase section */

/* Begin PBXGroup section */
		3A2CE4021F50A60B0056DCCB = {
			isa = PBXGroup;
			children = (
				3A2CE40D1F50A60C0056DCCB /* Tipper */,
				3A2CE4221F50A60C0056DCCB /* TipperTests */,
				3A2CE42D1F50A60C0056DCCB /* TipperUITests */,
				3A2CE40C1F50A60C0056DCCB /* Products */,
			);
			sourceTree = "<group>";
		};
		3A2CE40C1F50A60C0056DCCB /* Products */ = {
			isa = PBXGroup;
			children = (
				3A2CE40B1F50A60C0056DCCB /* Tipper.app */,
				3A2CE41F1F50A60C0056DCCB /* TipperTests.xctest */,
				3A2CE42A1F50A60C0056DCCB /* TipperUITests.xctest */,
			);
			name = Products;
			sourceTree = "<group>";
		};
		3A2CE40D1F50A60C0056DCCB /* Tipper */ = {
			isa = PBXGroup;
			children = (
				3A2CE43C1F50C9730056DCCB /* SettingsViewController.swift */,
				3A2CE40E1F50A60C0056DCCB /* AppDelegate.swift */,
				3A2CE4101F50A60C0056DCCB /* ViewController.swift */,
				3A2CE4121F50A60C0056DCCB /* Main.storyboard */,
				3A2CE4151F50A60C0056DCCB /* Assets.xcassets */,
				3A2CE4171F50A60C0056DCCB /* LaunchScreen.storyboard */,
				3A2CE41A1F50A60C0056DCCB /* Info.plist */,
				3A2CE43E1F5101EC0056DCCB /* UIViewUtils.swift */,
			);
			path = Tipper;
			sourceTree = "<group>";
		};
		3A2CE4221F50A60C0056DCCB /* TipperTests */ = {
			isa = PBXGroup;
			children = (
				3A2CE4231F50A60C0056DCCB /* TipperTests.swift */,
				3A2CE4251F50A60C0056DCCB /* Info.plist */,
			);
			path = TipperTests;
			sourceTree = "<group>";
		};
		3A2CE42D1F50A60C0056DCCB /* TipperUITests */ = {
			isa = PBXGroup;
			children = (
				3A2CE42E1F50A60C0056DCCB /* TipperUITests.swift */,
				3A2CE4301F50A60D0056DCCB /* Info.plist */,
			);
			path = TipperUITests;
			sourceTree = "<group>";
		};
/* End PBXGroup section */

/* Begin PBXNativeTarget section */
		3A2CE40A1F50A60B0056DCCB /* Tipper */ = {
			isa = PBXNativeTarget;
			buildConfigurationList = 3A2CE4331F50A60D0056DCCB /* Build configuration list for PBXNativeTarget "Tipper" */;
			buildPhases = (
				3A2CE4071F50A60B0056DCCB /* Sources */,
				3A2CE4081F50A60B0056DCCB /* Frameworks */,
				3A2CE4091F50A60B0056DCCB /* Resources */,
			);
			buildRules = (
			);
			dependencies = (
			);
			name = Tipper;
			productName = Tipper;
			productReference = 3A2CE40B1F50A60C0056DCCB /* Tipper.app */;
			productType = "com.apple.product-type.application";
		};
		3A2CE41E1F50A60C0056DCCB /* TipperTests */ = {
			isa = PBXNativeTarget;
			buildConfigurationList = 3A2CE4361F50A60D0056DCCB /* Build configuration list for PBXNativeTarget "TipperTests" */;
			buildPhases = (
				3A2CE41B1F50A60C0056DCCB /* Sources */,
				3A2CE41C1F50A60C0056DCCB /* Frameworks */,
				3A2CE41D1F50A60C0056DCCB /* Resources */,
			);
			buildRules = (
			);
			dependencies = (
				3A2CE4211F50A60C0056DCCB /* PBXTargetDependency */,
			);
			name = TipperTests;
			productName = TipperTests;
			productReference = 3A2CE41F1F50A60C0056DCCB /* TipperTests.xctest */;
			productType = "com.apple.product-type.bundle.unit-test";
		};
		3A2CE4291F50A60C0056DCCB /* TipperUITests */ = {
			isa = PBXNativeTarget;
			buildConfigurationList = 3A2CE4391F50A60D0056DCCB /* Build configuration list for PBXNativeTarget "TipperUITests" */;
			buildPhases = (
				3A2CE4261F50A60C0056DCCB /* Sources */,
				3A2CE4271F50A60C0056DCCB /* Frameworks */,
				3A2CE4281F50A60C0056DCCB /* Resources */,
			);
			buildRules = (
			);
			dependencies = (
				3A2CE42C1F50A60C0056DCCB /* PBXTargetDependency */,
			);
			name = TipperUITests;
			productName = TipperUITests;
			productReference = 3A2CE42A1F50A60C0056DCCB /* TipperUITests.xctest */;
			productType = "com.apple.product-type.bundle.ui-testing";
		};
/* End PBXNativeTarget section */

/* Begin PBXProject section */
		3A2CE4031F50A60B0056DCCB /* Project object */ = {
			isa = PBXProject;
			attributes = {
				LastSwiftUpdateCheck = 0820;
				LastUpgradeCheck = 0820;
				ORGANIZATIONNAME = "Harsha Sabbineni";
				TargetAttributes = {
					3A2CE40A1F50A60B0056DCCB = {
						CreatedOnToolsVersion = 8.2.1;
						ProvisioningStyle = Automatic;
					};
					3A2CE41E1F50A60C0056DCCB = {
						CreatedOnToolsVersion = 8.2.1;
						ProvisioningStyle = Automatic;
						TestTargetID = 3A2CE40A1F50A60B0056DCCB;
					};
					3A2CE4291F50A60C0056DCCB = {
						CreatedOnToolsVersion = 8.2.1;
						ProvisioningStyle = Automatic;
						TestTargetID = 3A2CE40A1F50A60B0056DCCB;
					};
				};
			};
			buildConfigurationList = 3A2CE4061F50A60B0056DCCB /* Build configuration list for PBXProject "Tipper" */;
			compatibilityVersion = "Xcode 3.2";
			developmentRegion = English;
			hasScannedForEncodings = 0;
			knownRegions = (
				en,
				Base,
			);
			mainGroup = 3A2CE4021F50A60B0056DCCB;
			productRefGroup = 3A2CE40C1F50A60C0056DCCB /* Products */;
			projectDirPath = "";
			projectRoot = "";
			targets = (
				3A2CE40A1F50A60B0056DCCB /* Tipper */,
				3A2CE41E1F50A60C0056DCCB /* TipperTests */,
				3A2CE4291F50A60C0056DCCB /* TipperUITests */,
			);
		};
/* End PBXProject section */

/* Begin PBXResourcesBuildPhase section */
		3A2CE4091F50A60B0056DCCB /* Resources */ = {
			isa = PBXResourcesBuildPhase;
			buildActionMask = 2147483647;
			files = (
				3A2CE4191F50A60C0056DCCB /* LaunchScreen.storyboard in Resources */,
				3A2CE4161F50A60C0056DCCB /* Assets.xcassets in Resources */,
				3A2CE4141F50A60C0056DCCB /* Main.storyboard in Resources */,
			);
			runOnlyForDeploymentPostprocessing = 0;
		};
		3A2CE41D1F50A60C0056DCCB /* Resources */ = {
			isa = PBXResourcesBuildPhase;
			buildActionMask = 2147483647;
			files = (
			);
			runOnlyForDeploymentPostprocessing = 0;
		};
		3A2CE4281F50A60C0056DCCB /* Resources */ = {
			isa = PBXResourcesBuildPhase;
			buildActionMask = 2147483647;
			files = (
			);
			runOnlyForDeploymentPostprocessing = 0;
		};
/* End PBXResourcesBuildPhase section */

/* Begin PBXSourcesBuildPhase section */
		3A2CE4071F50A60B0056DCCB /* Sources */ = {
			isa = PBXSourcesBuildPhase;
			buildActionMask = 2147483647;
			files = (
				3A2CE4111F50A60C0056DCCB /* ViewController.swift in Sources */,
				3A2CE40F1F50A60C0056DCCB /* AppDelegate.swift in Sources */,
				3A2CE43F1F5101EC0056DCCB /* UIViewUtils.swift in Sources */,
				3A2CE43D1F50C9730056DCCB /* SettingsViewController.swift in Sources */,
			);
			runOnlyForDeploymentPostprocessing = 0;
		};
		3A2CE41B1F50A60C0056DCCB /* Sources */ = {
			isa = PBXSourcesBuildPhase;
			buildActionMask = 2147483647;
			files = (
				3A2CE4241F50A60C0056DCCB /* TipperTests.swift in Sources */,
			);
			runOnlyForDeploymentPostprocessing = 0;
		};
		3A2CE4261F50A60C0056DCCB /* Sources */ = {
			isa = PBXSourcesBuildPhase;
			buildActionMask = 2147483647;
			files = (
				3A2CE42F1F50A60C0056DCCB /* TipperUITests.swift in Sources */,
			);
			runOnlyForDeploymentPostprocessing = 0;
		};
/* End PBXSourcesBuildPhase section */

/* Begin PBXTargetDependency section */
		3A2CE4211F50A60C0056DCCB /* PBXTargetDependency */ = {
			isa = PBXTargetDependency;
			target = 3A2CE40A1F50A60B0056DCCB /* Tipper */;
			targetProxy = 3A2CE4201F50A60C0056DCCB /* PBXContainerItemProxy */;
		};
		3A2CE42C1F50A60C0056DCCB /* PBXTargetDependency */ = {
			isa = PBXTargetDependency;
			target = 3A2CE40A1F50A60B0056DCCB /* Tipper */;
			targetProxy = 3A2CE42B1F50A60C0056DCCB /* PBXContainerItemProxy */;
		};
/* End PBXTargetDependency section */

/* Begin PBXVariantGroup section */
		3A2CE4121F50A60C0056DCCB /* Main.storyboard */ = {
			isa = PBXVariantGroup;
			children = (
				3A2CE4131F50A60C0056DCCB /* Base */,
			);
			name = Main.storyboard;
			sourceTree = "<group>";
		};
		3A2CE4171F50A60C0056DCCB /* LaunchScreen.storyboard */ = {
			isa = PBXVariantGroup;
			children = (
				3A2CE4181F50A60C0056DCCB /* Base */,
			);
			name = LaunchScreen.storyboard;
			sourceTree = "<group>";
		};
/* End PBXVariantGroup section */

/* Begin XCBuildConfiguration section */
		3A2CE4311F50A60D0056DCCB /* Debug */ = {
			isa = XCBuildConfiguration;
			buildSettings = {
				ALWAYS_SEARCH_USER_PATHS = NO;
				CLANG_ANALYZER_NONNULL = YES;
				CLANG_CXX_LANGUAGE_STANDARD = "gnu++0x";
				CLANG_CXX_LIBRARY = "libc++";
				CLANG_ENABLE_MODULES = YES;
				CLANG_ENABLE_OBJC_ARC = YES;
				CLANG_WARN_BOOL_CONVERSION = YES;
				CLANG_WARN_CONSTANT_CONVERSION = YES;
				CLANG_WARN_DIRECT_OBJC_ISA_USAGE = YES_ERROR;
				CLANG_WARN_DOCUMENTATION_COMMENTS = YES;
				CLANG_WARN_EMPTY_BODY = YES;
				CLANG_WARN_ENUM_CONVERSION = YES;
				CLANG_WARN_INFINITE_RECURSION = YES;
				CLANG_WARN_INT_CONVERSION = YES;
				CLANG_WARN_OBJC_ROOT_CLASS = YES_ERROR;
				CLANG_WARN_SUSPICIOUS_MOVE = YES;
				CLANG_WARN_UNREACHABLE_CODE = YES;
				CLANG_WARN__DUPLICATE_METHOD_MATCH = YES;
				"CODE_SIGN_IDENTITY[sdk=iphoneos*]" = "iPhone Developer";
				COPY_PHASE_STRIP = NO;
				DEBUG_INFORMATION_FORMAT = dwarf;
				ENABLE_STRICT_OBJC_MSGSEND = YES;
				ENABLE_TESTABILITY = YES;
				GCC_C_LANGUAGE_STANDARD = gnu99;
				GCC_DYNAMIC_NO_PIC = NO;
				GCC_NO_COMMON_BLOCKS = YES;
				GCC_OPTIMIZATION_LEVEL = 0;
				GCC_PREPROCESSOR_DEFINITIONS = (
					"DEBUG=1",
					"$(inherited)",
				);
				GCC_WARN_64_TO_32_BIT_CONVERSION = YES;
				GCC_WARN_ABOUT_RETURN_TYPE = YES_ERROR;
				GCC_WARN_UNDECLARED_SELECTOR = YES;
				GCC_WARN_UNINITIALIZED_AUTOS = YES_AGGRESSIVE;
				GCC_WARN_UNUSED_FUNCTION = YES;
				GCC_WARN_UNUSED_VARIABLE = YES;
				IPHONEOS_DEPLOYMENT_TARGET = 10.2;
				MTL_ENABLE_DEBUG_INFO = YES;
				ONLY_ACTIVE_ARCH = YES;
				SDKROOT = iphoneos;
				SWIFT_ACTIVE_COMPILATION_CONDITIONS = DEBUG;
				SWIFT_OPTIMIZATION_LEVEL = "-Onone";
			};
			name = Debug;
		};
		3A2CE4321F50A60D0056DCCB /* Release */ = {
			isa = XCBuildConfiguration;
			buildSettings = {
				ALWAYS_SEARCH_USER_PATHS = NO;
				CLANG_ANALYZER_NONNULL = YES;
				CLANG_CXX_LANGUAGE_STANDARD = "gnu++0x";
				CLANG_CXX_LIBRARY = "libc++";
				CLANG_ENABLE_MODULES = YES;
				CLANG_ENABLE_OBJC_ARC = YES;
				CLANG_WARN_BOOL_CONVERSION = YES;
				CLANG_WARN_CONSTANT_CONVERSION = YES;
				CLANG_WARN_DIRECT_OBJC_ISA_USAGE = YES_ERROR;
				CLANG_WARN_DOCUMENTATION_COMMENTS = YES;
				CLANG_WARN_EMPTY_BODY = YES;
				CLANG_WARN_ENUM_CONVERSION = YES;
				CLANG_WARN_INFINITE_RECURSION = YES;
				CLANG_WARN_INT_CONVERSION = YES;
				CLANG_WARN_OBJC_ROOT_CLASS = YES_ERROR;
				CLANG_WARN_SUSPICIOUS_MOVE = YES;
				CLANG_WARN_UNREACHABLE_CODE = YES;
				CLANG_WARN__DUPLICATE_METHOD_MATCH = YES;
				"CODE_SIGN_IDENTITY[sdk=iphoneos*]" = "iPhone Developer";
				COPY_PHASE_STRIP = NO;
				DEBUG_INFORMATION_FORMAT = "dwarf-with-dsym";
				ENABLE_NS_ASSERTIONS = NO;
				ENABLE_STRICT_OBJC_MSGSEND = YES;
				GCC_C_LANGUAGE_STANDARD = gnu99;
				GCC_NO_COMMON_BLOCKS = YES;
				GCC_WARN_64_TO_32_BIT_CONVERSION = YES;
				GCC_WARN_ABOUT_RETURN_TYPE = YES_ERROR;
				GCC_WARN_UNDECLARED_SELECTOR = YES;
				GCC_WARN_UNINITIALIZED_AUTOS = YES_AGGRESSIVE;
				GCC_WARN_UNUSED_FUNCTION = YES;
				GCC_WARN_UNUSED_VARIABLE = YES;
				IPHONEOS_DEPLOYMENT_TARGET = 10.2;
				MTL_ENABLE_DEBUG_INFO = NO;
				SDKROOT = iphoneos;
				SWIFT_OPTIMIZATION_LEVEL = "-Owholemodule";
				VALIDATE_PRODUCT = YES;
			};
			name = Release;
		};
		3A2CE4341F50A60D0056DCCB /* Debug */ = {
			isa = XCBuildConfiguration;
			buildSettings = {
				ASSETCATALOG_COMPILER_APPICON_NAME = AppIcon;
				INFOPLIST_FILE = Tipper/Info.plist;
				LD_RUNPATH_SEARCH_PATHS = "$(inherited) @executable_path/Frameworks";
				PRODUCT_BUNDLE_IDENTIFIER = com.harshasabbineni.Tipper;
				PRODUCT_NAME = "$(TARGET_NAME)";
				SWIFT_VERSION = 3.0;
			};
			name = Debug;
		};
		3A2CE4351F50A60D0056DCCB /* Release */ = {
			isa = XCBuildConfiguration;
			buildSettings = {
				ASSETCATALOG_COMPILER_APPICON_NAME = AppIcon;
				INFOPLIST_FILE = Tipper/Info.plist;
				LD_RUNPATH_SEARCH_PATHS = "$(inherited) @executable_path/Frameworks";
				PRODUCT_BUNDLE_IDENTIFIER = com.harshasabbineni.Tipper;
				PRODUCT_NAME = "$(TARGET_NAME)";
				SWIFT_VERSION = 3.0;
			};
			name = Release;
		};
		3A2CE4371F50A60D0056DCCB /* Debug */ = {
			isa = XCBuildConfiguration;
			buildSettings = {
				ALWAYS_EMBED_SWIFT_STANDARD_LIBRARIES = YES;
				BUNDLE_LOADER = "$(TEST_HOST)";
				INFOPLIST_FILE = TipperTests/Info.plist;
				LD_RUNPATH_SEARCH_PATHS = "$(inherited) @executable_path/Frameworks @loader_path/Frameworks";
				PRODUCT_BUNDLE_IDENTIFIER = com.harshasabbineni.TipperTests;
				PRODUCT_NAME = "$(TARGET_NAME)";
				SWIFT_VERSION = 3.0;
				TEST_HOST = "$(BUILT_PRODUCTS_DIR)/Tipper.app/Tipper";
			};
			name = Debug;
		};
		3A2CE4381F50A60D0056DCCB /* Release */ = {
			isa = XCBuildConfiguration;
			buildSettings = {
				ALWAYS_EMBED_SWIFT_STANDARD_LIBRARIES = YES;
				BUNDLE_LOADER = "$(TEST_HOST)";
				INFOPLIST_FILE = TipperTests/Info.plist;
				LD_RUNPATH_SEARCH_PATHS = "$(inherited) @executable_path/Frameworks @loader_path/Frameworks";
				PRODUCT_BUNDLE_IDENTIFIER = com.harshasabbineni.TipperTests;
				PRODUCT_NAME = "$(TARGET_NAME)";
				SWIFT_VERSION = 3.0;
				TEST_HOST = "$(BUILT_PRODUCTS_DIR)/Tipper.app/Tipper";
			};
			name = Release;
		};
		3A2CE43A1F50A60D0056DCCB /* Debug */ = {
			isa = XCBuildConfiguration;
			buildSettings = {
				ALWAYS_EMBED_SWIFT_STANDARD_LIBRARIES = YES;
				INFOPLIST_FILE = TipperUITests/Info.plist;
				LD_RUNPATH_SEARCH_PATHS = "$(inherited) @executable_path/Frameworks @loader_path/Frameworks";
				PRODUCT_BUNDLE_IDENTIFIER = com.harshasabbineni.TipperUITests;
				PRODUCT_NAME = "$(TARGET_NAME)";
				SWIFT_VERSION = 3.0;
				TEST_TARGET_NAME = Tipper;
			};
			name = Debug;
		};
		3A2CE43B1F50A60D0056DCCB /* Release */ = {
			isa = XCBuildConfiguration;
			buildSettings = {
				ALWAYS_EMBED_SWIFT_STANDARD_LIBRARIES = YES;
				INFOPLIST_FILE = TipperUITests/Info.plist;
				LD_RUNPATH_SEARCH_PATHS = "$(inherited) @executable_path/Frameworks @loader_path/Frameworks";
				PRODUCT_BUNDLE_IDENTIFIER = com.harshasabbineni.TipperUITests;
				PRODUCT_NAME = "$(TARGET_NAME)";
				SWIFT_VERSION = 3.0;
				TEST_TARGET_NAME = Tipper;
			};
			name = Release;
		};
/* End XCBuildConfiguration section */

/* Begin XCConfigurationList section */
		3A2CE4061F50A60B0056DCCB /* Build configuration list for PBXProject "Tipper" */ = {
			isa = XCConfigurationList;
			buildConfigurations = (
				3A2CE4311F50A60D0056DCCB /* Debug */,
				3A2CE4321F50A60D0056DCCB /* Release */,
			);
			defaultConfigurationIsVisible = 0;
			defaultConfigurationName = Release;
		};
		3A2CE4331F50A60D0056DCCB /* Build configuration list for PBXNativeTarget "Tipper" */ = {
			isa = XCConfigurationList;
			buildConfigurations = (
				3A2CE4341F50A60D0056DCCB /* Debug */,
				3A2CE4351F50A60D0056DCCB /* Release */,
			);
			defaultConfigurationIsVisible = 0;
		};
		3A2CE4361F50A60D0056DCCB /* Build configuration list for PBXNativeTarget "TipperTests" */ = {
			isa = XCConfigurationList;
			buildConfigurations = (
				3A2CE4371F50A60D0056DCCB /* Debug */,
				3A2CE4381F50A60D0056DCCB /* Release */,
			);
			defaultConfigurationIsVisible = 0;
		};
		3A2CE4391F50A60D0056DCCB /* Build configuration list for PBXNativeTarget "TipperUITests" */ = {
			isa = XCConfigurationList;
			buildConfigurations = (
				3A2CE43A1F50A60D0056DCCB /* Debug */,
				3A2CE43B1F50A60D0056DCCB /* Release */,
			);
			defaultConfigurationIsVisible = 0;
		};
/* End XCConfigurationList section */
	};
	rootObject = 3A2CE4031F50A60B0056DCCB /* Project object */;
}
